[[package]]
name = "cfg-if"
version = "0.1.2"
source = "registry+https://github.com/rust-lang/crates.io-index"

[[package]]
name = "encoding_rs"
version = "0.7.2"
source = "registry+https://github.com/rust-lang/crates.io-index"
dependencies = [
 "cfg-if 0.1.2 (registry+https://github.com/rust-lang/crates.io-index)",
]

[[package]]
name = "rust-read-utf16"
version = "0.1.0"
dependencies = [
 "encoding_rs 0.7.2 (registry+https://github.com/rust-lang/crates.io-index)",
]

[metadata]
"checksum cfg-if 0.1.2 (registry+https://github.com/rust-lang/crates.io-index)" = "d4c819a1287eb618df47cc647173c5c4c66ba19d888a6e50d605672aed3140de"
"checksum encoding_rs 0.7.2 (registry+https://github.com/rust-lang/crates.io-index)" = "98fd0f24d1fb71a4a6b9330c8ca04cbd4e7cc5d846b54ca74ff376bc7c9f798d"
